{
  "name": "函数式编程-code",
  "lockfileVersion": 3,
  "requires": true,
  "packages": {
    "": {
      "dependencies": {
        "immutable": "^5.0.0-beta.4"
      }
    },
    "node_modules/immutable": {
      "version": "5.0.0-beta.4",
      "resolved": "https://registry.npmmirror.com/immutable/-/immutable-5.0.0-beta.4.tgz",
      "integrity": "sha512-sl9RE3lqd2LoQSESc8VV0k8qE9y57iT7dinq3Q+8mR2dqReHDZlgUrudzmFfZhDXBLXlNJMVWv3SG1YpQIokig=="
    }
  }
}
